{
  "name": "shaka",
  "version": "1.0.0",
  "lockfileVersion": 3,
  "requires": true,
  "packages": {
    "": {
      "name": "shaka",
      "version": "1.0.0",
      "license": "ISC",
      "dependencies": {
        "shaka-packager": "^3.5.0"
      }
    },
    "node_modules/shaka-packager": {
      "version": "3.5.0",
      "resolved": "https://registry.npmjs.org/shaka-packager/-/shaka-packager-3.5.0.tgz",
      "integrity": "sha512-JNQW8U7OUcuVZWpfKAt23JGzTttZ7AJaXP33Le6QbAL37a+oDDvV93wQXD1SndsghScXlhks8iiRu1ljsoJn+g==",
      "license": "See LICENSE"
    }
  }
}
